// !$*UTF8*$!
{
	archiveVersion = 1;
	classes = {
	};
	objectVersion = 46;
	objects = {

/* Begin PBXBuildFile section */
		F879DBF014D6418F00A3DA1C /* Foundation.framework in Frameworks */ = {isa = PBXBuildFile; fileRef = F879DBEF14D6418F00A3DA1C /* Foundation.framework */; };
		F879DC0314D641B300A3DA1C /* UIKit.framework in Frameworks */ = {isa = PBXBuildFile; fileRef = F879DC0214D641B300A3DA1C /* UIKit.framework */; };
		F879DC0414D641B300A3DA1C /* Foundation.framework in Frameworks */ = {isa = PBXBuildFile; fileRef = F879DBEF14D6418F00A3DA1C /* Foundation.framework */; };
		F879DC0614D641B300A3DA1C /* CoreGraphics.framework in Frameworks */ = {isa = PBXBuildFile; fileRef = F879DC0514D641B300A3DA1C /* CoreGraphics.framework */; };
		F879DC0C14D641B300A3DA1C /* GHUnitIOSTestMain.m in Sources */ = {isa = PBXBuildFile; fileRef = F879DC0B14D641B300A3DA1C /* GHUnitIOSTestMain.m */; };
		F879DC1214D641B400A3DA1C /* GHUnitIOS.framework in Frameworks */ = {isa = PBXBuildFile; fileRef = F879DC1114D641B400A3DA1C /* GHUnitIOS.framework */; };
		F879DC1614D641B400A3DA1C /* libOCMock.a in Frameworks */ = {isa = PBXBuildFile; fileRef = F879DC1514D641B400A3DA1C /* libOCMock.a */; };
		F879DC2314D6425900A3DA1C /* IVGDownloadManagerTests.m in Sources */ = {isa = PBXBuildFile; fileRef = F879DC2214D6425900A3DA1C /* IVGDownloadManagerTests.m */; };
		F879DC2C14D642E900A3DA1C /* IVGDownloadManager.h in Headers */ = {isa = PBXBuildFile; fileRef = F879DC2A14D642E900A3DA1C /* IVGDownloadManager.h */; };
		F879DC2D14D642E900A3DA1C /* IVGDownloadManager.m in Sources */ = {isa = PBXBuildFile; fileRef = F879DC2B14D642E900A3DA1C /* IVGDownloadManager.m */; };
		F879DC2E14D642E900A3DA1C /* IVGDownloadManager.m in Sources */ = {isa = PBXBuildFile; fileRef = F879DC2B14D642E900A3DA1C /* IVGDownloadManager.m */; };
		F879DC3014D6431E00A3DA1C /* CFNetwork.framework in Frameworks */ = {isa = PBXBuildFile; fileRef = F879DC2F14D6431E00A3DA1C /* CFNetwork.framework */; };
		F879DC3114D6432E00A3DA1C /* CFNetwork.framework in Frameworks */ = {isa = PBXBuildFile; fileRef = F879DC2F14D6431E00A3DA1C /* CFNetwork.framework */; };
		F879DC3914D6488800A3DA1C /* IVGDMConstants.h in Headers */ = {isa = PBXBuildFile; fileRef = F879DC3714D6488800A3DA1C /* IVGDMConstants.h */; };
		F88A470114D655A600C9B205 /* IVGDMConstants.m in Sources */ = {isa = PBXBuildFile; fileRef = F88A46FF14D655A600C9B205 /* IVGDMConstants.m */; };
		F88A470214D655A600C9B205 /* IVGDMConstants.m in Sources */ = {isa = PBXBuildFile; fileRef = F88A46FF14D655A600C9B205 /* IVGDMConstants.m */; };
		F88A470614D65AE000C9B205 /* IVGDMConnectionBlockMap.h in Headers */ = {isa = PBXBuildFile; fileRef = F88A470414D65AE000C9B205 /* IVGDMConnectionBlockMap.h */; };
		F88A470714D65AE000C9B205 /* IVGDMConnectionBlockMap.m in Sources */ = {isa = PBXBuildFile; fileRef = F88A470514D65AE000C9B205 /* IVGDMConnectionBlockMap.m */; };
		F88A470814D65AE000C9B205 /* IVGDMConnectionBlockMap.m in Sources */ = {isa = PBXBuildFile; fileRef = F88A470514D65AE000C9B205 /* IVGDMConnectionBlockMap.m */; };
		F88A470B14D65FA200C9B205 /* IVGDMConnectionBlockMapTests.m in Sources */ = {isa = PBXBuildFile; fileRef = F88A470914D65FA200C9B205 /* IVGDMConnectionBlockMapTests.m */; };
		F88A470E14D664C400C9B205 /* IVGDMConnectionTimeoutManager.h in Headers */ = {isa = PBXBuildFile; fileRef = F88A470C14D664C400C9B205 /* IVGDMConnectionTimeoutManager.h */; };
		F88A470F14D664C400C9B205 /* IVGDMConnectionTimeoutManager.m in Sources */ = {isa = PBXBuildFile; fileRef = F88A470D14D664C400C9B205 /* IVGDMConnectionTimeoutManager.m */; };
		F88A471014D664C400C9B205 /* IVGDMConnectionTimeoutManager.m in Sources */ = {isa = PBXBuildFile; fileRef = F88A470D14D664C400C9B205 /* IVGDMConnectionTimeoutManager.m */; };
		F88A471214D665C400C9B205 /* IVGDMConnectionTimeoutManagerTests.m in Sources */ = {isa = PBXBuildFile; fileRef = F88A471114D665C400C9B205 /* IVGDMConnectionTimeoutManagerTests.m */; };
/* End PBXBuildFile section */

/* Begin PBXFileReference section */
		F879DBEC14D6418F00A3DA1C /* libIVGDownloadManager.a */ = {isa = PBXFileReference; explicitFileType = archive.ar; includeInIndex = 0; path = libIVGDownloadManager.a; sourceTree = BUILT_PRODUCTS_DIR; };
		F879DBEF14D6418F00A3DA1C /* Foundation.framework */ = {isa = PBXFileReference; lastKnownFileType = wrapper.framework; name = Foundation.framework; path = System/Library/Frameworks/Foundation.framework; sourceTree = SDKROOT; };
		F879DBF314D6418F00A3DA1C /* IVGDownloadManager-Prefix.pch */ = {isa = PBXFileReference; lastKnownFileType = sourcecode.c.h; path = "IVGDownloadManager-Prefix.pch"; sourceTree = "<group>"; };
		F879DC0014D641B300A3DA1C /* IVGDownloadManagerTests.app */ = {isa = PBXFileReference; explicitFileType = wrapper.application; includeInIndex = 0; path = IVGDownloadManagerTests.app; sourceTree = BUILT_PRODUCTS_DIR; };
		F879DC0214D641B300A3DA1C /* UIKit.framework */ = {isa = PBXFileReference; lastKnownFileType = wrapper.framework; name = UIKit.framework; path = System/Library/Frameworks/UIKit.framework; sourceTree = SDKROOT; };
		F879DC0514D641B300A3DA1C /* CoreGraphics.framework */ = {isa = PBXFileReference; lastKnownFileType = wrapper.framework; name = CoreGraphics.framework; path = System/Library/Frameworks/CoreGraphics.framework; sourceTree = SDKROOT; };
		F879DC0914D641B300A3DA1C /* IVGDownloadManagerTests-Info.plist */ = {isa = PBXFileReference; lastKnownFileType = text.plist.xml; path = "IVGDownloadManagerTests-Info.plist"; sourceTree = "<group>"; };
		F879DC0A14D641B300A3DA1C /* IVGDownloadManagerTests-Prefix.pch */ = {isa = PBXFileReference; lastKnownFileType = sourcecode.c.h; path = "IVGDownloadManagerTests-Prefix.pch"; sourceTree = "<group>"; };
		F879DC0B14D641B300A3DA1C /* GHUnitIOSTestMain.m */ = {isa = PBXFileReference; lastKnownFileType = sourcecode.c.objc; path = GHUnitIOSTestMain.m; sourceTree = "<group>"; };
		F879DC1114D641B400A3DA1C /* GHUnitIOS.framework */ = {isa = PBXFileReference; lastKnownFileType = wrapper.framework; name = GHUnitIOS.framework; path = Frameworks/GHUnitIOS.framework; sourceTree = "<group>"; };
		F879DC1514D641B400A3DA1C /* libOCMock.a */ = {isa = PBXFileReference; lastKnownFileType = archive.ar; name = libOCMock.a; path = Libraries/OCMock/libOCMock.a; sourceTree = "<group>"; };
		F879DC1914D641B400A3DA1C /* OCMock.h */ = {isa = PBXFileReference; lastKnownFileType = sourcecode.c.h; name = OCMock.h; path = Libraries/OCMock/Headers/OCMock/OCMock.h; sourceTree = "<group>"; };
		F879DC1A14D641B400A3DA1C /* NSNotificationCenter+OCMAdditions.h */ = {isa = PBXFileReference; lastKnownFileType = sourcecode.c.h; name = "NSNotificationCenter+OCMAdditions.h"; path = "Libraries/OCMock/Headers/OCMock/NSNotificationCenter+OCMAdditions.h"; sourceTree = "<group>"; };
		F879DC1B14D641B400A3DA1C /* OCMArg.h */ = {isa = PBXFileReference; lastKnownFileType = sourcecode.c.h; name = OCMArg.h; path = Libraries/OCMock/Headers/OCMock/OCMArg.h; sourceTree = "<group>"; };
		F879DC1C14D641B400A3DA1C /* OCMConstraint.h */ = {isa = PBXFileReference; lastKnownFileType = sourcecode.c.h; name = OCMConstraint.h; path = Libraries/OCMock/Headers/OCMock/OCMConstraint.h; sourceTree = "<group>"; };
		F879DC1D14D641B400A3DA1C /* OCMockObject.h */ = {isa = PBXFileReference; lastKnownFileType = sourcecode.c.h; name = OCMockObject.h; path = Libraries/OCMock/Headers/OCMock/OCMockObject.h; sourceTree = "<group>"; };
		F879DC1E14D641B400A3DA1C /* OCMockRecorder.h */ = {isa = PBXFileReference; lastKnownFileType = sourcecode.c.h; name = OCMockRecorder.h; path = Libraries/OCMock/Headers/OCMock/OCMockRecorder.h; sourceTree = "<group>"; };
		F879DC2214D6425900A3DA1C /* IVGDownloadManagerTests.m */ = {isa = PBXFileReference; fileEncoding = 4; lastKnownFileType = sourcecode.c.objc; path = IVGDownloadManagerTests.m; sourceTree = "<group>"; };
		F879DC2A14D642E900A3DA1C /* IVGDownloadManager.h */ = {isa = PBXFileReference; fileEncoding = 4; lastKnownFileType = sourcecode.c.h; path = IVGDownloadManager.h; sourceTree = "<group>"; };
		F879DC2B14D642E900A3DA1C /* IVGDownloadManager.m */ = {isa = PBXFileReference; fileEncoding = 4; lastKnownFileType = sourcecode.c.objc; path = IVGDownloadManager.m; sourceTree = "<group>"; };
		F879DC2F14D6431E00A3DA1C /* CFNetwork.framework */ = {isa = PBXFileReference; lastKnownFileType = wrapper.framework; name = CFNetwork.framework; path = System/Library/Frameworks/CFNetwork.framework; sourceTree = SDKROOT; };
		F879DC3714D6488800A3DA1C /* IVGDMConstants.h */ = {isa = PBXFileReference; fileEncoding = 4; lastKnownFileType = sourcecode.c.h; path = IVGDMConstants.h; sourceTree = "<group>"; };
		F88A46FF14D655A600C9B205 /* IVGDMConstants.m */ = {isa = PBXFileReference; fileEncoding = 4; lastKnownFileType = sourcecode.c.objc; path = IVGDMConstants.m; sourceTree = "<group>"; };
		F88A470414D65AE000C9B205 /* IVGDMConnectionBlockMap.h */ = {isa = PBXFileReference; fileEncoding = 4; lastKnownFileType = sourcecode.c.h; path = IVGDMConnectionBlockMap.h; sourceTree = "<group>"; };
		F88A470514D65AE000C9B205 /* IVGDMConnectionBlockMap.m */ = {isa = PBXFileReference; fileEncoding = 4; lastKnownFileType = sourcecode.c.objc; path = IVGDMConnectionBlockMap.m; sourceTree = "<group>"; };
		F88A470914D65FA200C9B205 /* IVGDMConnectionBlockMapTests.m */ = {isa = PBXFileReference; fileEncoding = 4; lastKnownFileType = sourcecode.c.objc; path = IVGDMConnectionBlockMapTests.m; sourceTree = "<group>"; };
		F88A470C14D664C400C9B205 /* IVGDMConnectionTimeoutManager.h */ = {isa = PBXFileReference; fileEncoding = 4; lastKnownFileType = sourcecode.c.h; path = IVGDMConnectionTimeoutManager.h; sourceTree = "<group>"; };
		F88A470D14D664C400C9B205 /* IVGDMConnectionTimeoutManager.m */ = {isa = PBXFileReference; fileEncoding = 4; lastKnownFileType = sourcecode.c.objc; path = IVGDMConnectionTimeoutManager.m; sourceTree = "<group>"; };
		F88A471114D665C400C9B205 /* IVGDMConnectionTimeoutManagerTests.m */ = {isa = PBXFileReference; fileEncoding = 4; lastKnownFileType = sourcecode.c.objc; path = IVGDMConnectionTimeoutManagerTests.m; sourceTree = "<group>"; };
/* End PBXFileReference section */

/* Begin PBXFrameworksBuildPhase section */
		F879DBE914D6418F00A3DA1C /* Frameworks */ = {
			isa = PBXFrameworksBuildPhase;
			buildActionMask = 2147483647;
			files = (
				F879DC3014D6431E00A3DA1C /* CFNetwork.framework in Frameworks */,
				F879DBF014D6418F00A3DA1C /* Foundation.framework in Frameworks */,
			);
			runOnlyForDeploymentPostprocessing = 0;
		};
		F879DBFD14D641B300A3DA1C /* Frameworks */ = {
			isa = PBXFrameworksBuildPhase;
			buildActionMask = 2147483647;
			files = (
				F879DC0314D641B300A3DA1C /* UIKit.framework in Frameworks */,
				F879DC0414D641B300A3DA1C /* Foundation.framework in Frameworks */,
				F879DC0614D641B300A3DA1C /* CoreGraphics.framework in Frameworks */,
				F879DC1214D641B400A3DA1C /* GHUnitIOS.framework in Frameworks */,
				F879DC1614D641B400A3DA1C /* libOCMock.a in Frameworks */,
				F879DC3114D6432E00A3DA1C /* CFNetwork.framework in Frameworks */,
			);
			runOnlyForDeploymentPostprocessing = 0;
		};
/* End PBXFrameworksBuildPhase section */

/* Begin PBXGroup section */
		F879DBE114D6418F00A3DA1C = {
			isa = PBXGroup;
			children = (
				F879DBF114D6418F00A3DA1C /* IVGDownloadManager */,
				F879DC0714D641B300A3DA1C /* IVGDownloadManagerTests */,
				F879DBEE14D6418F00A3DA1C /* Frameworks */,
				F879DBED14D6418F00A3DA1C /* Products */,
			);
			sourceTree = "<group>";
		};
		F879DBED14D6418F00A3DA1C /* Products */ = {
			isa = PBXGroup;
			children = (
				F879DBEC14D6418F00A3DA1C /* libIVGDownloadManager.a */,
				F879DC0014D641B300A3DA1C /* IVGDownloadManagerTests.app */,
			);
			name = Products;
			sourceTree = "<group>";
		};
		F879DBEE14D6418F00A3DA1C /* Frameworks */ = {
			isa = PBXGroup;
			children = (
				F879DC2F14D6431E00A3DA1C /* CFNetwork.framework */,
				F879DBEF14D6418F00A3DA1C /* Foundation.framework */,
				F879DC0214D641B300A3DA1C /* UIKit.framework */,
				F879DC0514D641B300A3DA1C /* CoreGraphics.framework */,
			);
			name = Frameworks;
			sourceTree = "<group>";
		};
		F879DBF114D6418F00A3DA1C /* IVGDownloadManager */ = {
			isa = PBXGroup;
			children = (
				F879DC2914D642E900A3DA1C /* LibClasses */,
				F879DBF214D6418F00A3DA1C /* Supporting Files */,
			);
			path = IVGDownloadManager;
			sourceTree = "<group>";
		};
		F879DBF214D6418F00A3DA1C /* Supporting Files */ = {
			isa = PBXGroup;
			children = (
				F879DBF314D6418F00A3DA1C /* IVGDownloadManager-Prefix.pch */,
			);
			name = "Supporting Files";
			sourceTree = "<group>";
		};
		F879DC0714D641B300A3DA1C /* IVGDownloadManagerTests */ = {
			isa = PBXGroup;
			children = (
				F879DC0D14D641B300A3DA1C /* TestClasses */,
				F879DC1014D641B400A3DA1C /* Frameworks */,
				F879DC1314D641B400A3DA1C /* Libraries */,
				F879DC0814D641B300A3DA1C /* Supporting Files */,
			);
			path = IVGDownloadManagerTests;
			sourceTree = "<group>";
		};
		F879DC0814D641B300A3DA1C /* Supporting Files */ = {
			isa = PBXGroup;
			children = (
				F879DC0914D641B300A3DA1C /* IVGDownloadManagerTests-Info.plist */,
				F879DC0A14D641B300A3DA1C /* IVGDownloadManagerTests-Prefix.pch */,
				F879DC0B14D641B300A3DA1C /* GHUnitIOSTestMain.m */,
			);
			name = "Supporting Files";
			sourceTree = "<group>";
		};
		F879DC0D14D641B300A3DA1C /* TestClasses */ = {
			isa = PBXGroup;
			children = (
				F879DC2214D6425900A3DA1C /* IVGDownloadManagerTests.m */,
				F88A470914D65FA200C9B205 /* IVGDMConnectionBlockMapTests.m */,
				F88A471114D665C400C9B205 /* IVGDMConnectionTimeoutManagerTests.m */,
			);
			path = TestClasses;
			sourceTree = "<group>";
		};
		F879DC1014D641B400A3DA1C /* Frameworks */ = {
			isa = PBXGroup;
			children = (
				F879DC1114D641B400A3DA1C /* GHUnitIOS.framework */,
			);
			name = Frameworks;
			sourceTree = "<group>";
		};
		F879DC1314D641B400A3DA1C /* Libraries */ = {
			isa = PBXGroup;
			children = (
				F879DC1414D641B400A3DA1C /* OCMock */,
			);
			name = Libraries;
			sourceTree = "<group>";
		};
		F879DC1414D641B400A3DA1C /* OCMock */ = {
			isa = PBXGroup;
			children = (
				F879DC1514D641B400A3DA1C /* libOCMock.a */,
				F879DC1714D641B400A3DA1C /* Headers */,
			);
			name = OCMock;
			sourceTree = "<group>";
		};
		F879DC1714D641B400A3DA1C /* Headers */ = {
			isa = PBXGroup;
			children = (
				F879DC1814D641B400A3DA1C /* OCMock */,
			);
			name = Headers;
			sourceTree = "<group>";
		};
		F879DC1814D641B400A3DA1C /* OCMock */ = {
			isa = PBXGroup;
			children = (
				F879DC1914D641B400A3DA1C /* OCMock.h */,
				F879DC1A14D641B400A3DA1C /* NSNotificationCenter+OCMAdditions.h */,
				F879DC1B14D641B400A3DA1C /* OCMArg.h */,
				F879DC1C14D641B400A3DA1C /* OCMConstraint.h */,
				F879DC1D14D641B400A3DA1C /* OCMockObject.h */,
				F879DC1E14D641B400A3DA1C /* OCMockRecorder.h */,
			);
			name = OCMock;
			sourceTree = "<group>";
		};
		F879DC2914D642E900A3DA1C /* LibClasses */ = {
			isa = PBXGroup;
			children = (
				F879DC3714D6488800A3DA1C /* IVGDMConstants.h */,
				F88A46FF14D655A600C9B205 /* IVGDMConstants.m */,
				F879DC2A14D642E900A3DA1C /* IVGDownloadManager.h */,
				F879DC2B14D642E900A3DA1C /* IVGDownloadManager.m */,
				F88A470414D65AE000C9B205 /* IVGDMConnectionBlockMap.h */,
				F88A470514D65AE000C9B205 /* IVGDMConnectionBlockMap.m */,
				F88A470C14D664C400C9B205 /* IVGDMConnectionTimeoutManager.h */,
				F88A470D14D664C400C9B205 /* IVGDMConnectionTimeoutManager.m */,
			);
			path = LibClasses;
			sourceTree = "<group>";
		};
/* End PBXGroup section */

/* Begin PBXHeadersBuildPhase section */
		F879DBEA14D6418F00A3DA1C /* Headers */ = {
			isa = PBXHeadersBuildPhase;
			buildActionMask = 2147483647;
			files = (
				F879DC2C14D642E900A3DA1C /* IVGDownloadManager.h in Headers */,
				F879DC3914D6488800A3DA1C /* IVGDMConstants.h in Headers */,
				F88A470614D65AE000C9B205 /* IVGDMConnectionBlockMap.h in Headers */,
				F88A470E14D664C400C9B205 /* IVGDMConnectionTimeoutManager.h in Headers */,
			);
			runOnlyForDeploymentPostprocessing = 0;
		};
/* End PBXHeadersBuildPhase section */

/* Begin PBXNativeTarget section */
		F879DBEB14D6418F00A3DA1C /* IVGDownloadManager */ = {
			isa = PBXNativeTarget;
			buildConfigurationList = F879DBF914D6418F00A3DA1C /* Build configuration list for PBXNativeTarget "IVGDownloadManager" */;
			buildPhases = (
				F879DBE814D6418F00A3DA1C /* Sources */,
				F879DBE914D6418F00A3DA1C /* Frameworks */,
				F879DBEA14D6418F00A3DA1C /* Headers */,
			);
			buildRules = (
			);
			dependencies = (
			);
			name = IVGDownloadManager;
			productName = IVGDownloadManager;
			productReference = F879DBEC14D6418F00A3DA1C /* libIVGDownloadManager.a */;
			productType = "com.apple.product-type.library.static";
		};
		F879DBFF14D641B300A3DA1C /* IVGDownloadManagerTests */ = {
			isa = PBXNativeTarget;
			buildConfigurationList = F879DC1F14D641B400A3DA1C /* Build configuration list for PBXNativeTarget "IVGDownloadManagerTests" */;
			buildPhases = (
				F879DBFC14D641B300A3DA1C /* Sources */,
				F879DBFD14D641B300A3DA1C /* Frameworks */,
				F879DBFE14D641B300A3DA1C /* Resources */,
			);
			buildRules = (
			);
			dependencies = (
			);
			name = IVGDownloadManagerTests;
			productName = IVGDownloadManagerTests;
			productReference = F879DC0014D641B300A3DA1C /* IVGDownloadManagerTests.app */;
			productType = "com.apple.product-type.application";
		};
/* End PBXNativeTarget section */

/* Begin PBXProject section */
		F879DBE314D6418F00A3DA1C /* Project object */ = {
			isa = PBXProject;
			attributes = {
				LastUpgradeCheck = 0420;
				ORGANIZATIONNAME = "Ivy Gulch, LLC";
			};
			buildConfigurationList = F879DBE614D6418F00A3DA1C /* Build configuration list for PBXProject "IVGDownloadManager" */;
			compatibilityVersion = "Xcode 3.2";
			developmentRegion = English;
			hasScannedForEncodings = 0;
			knownRegions = (
				en,
			);
			mainGroup = F879DBE114D6418F00A3DA1C;
			productRefGroup = F879DBED14D6418F00A3DA1C /* Products */;
			projectDirPath = "";
			projectRoot = "";
			targets = (
				F879DBEB14D6418F00A3DA1C /* IVGDownloadManager */,
				F879DBFF14D641B300A3DA1C /* IVGDownloadManagerTests */,
			);
		};
/* End PBXProject section */

/* Begin PBXResourcesBuildPhase section */
		F879DBFE14D641B300A3DA1C /* Resources */ = {
			isa = PBXResourcesBuildPhase;
			buildActionMask = 2147483647;
			files = (
			);
			runOnlyForDeploymentPostprocessing = 0;
		};
/* End PBXResourcesBuildPhase section */

/* Begin PBXSourcesBuildPhase section */
		F879DBE814D6418F00A3DA1C /* Sources */ = {
			isa = PBXSourcesBuildPhase;
			buildActionMask = 2147483647;
			files = (
				F879DC2D14D642E900A3DA1C /* IVGDownloadManager.m in Sources */,
				F88A470114D655A600C9B205 /* IVGDMConstants.m in Sources */,
				F88A470714D65AE000C9B205 /* IVGDMConnectionBlockMap.m in Sources */,
				F88A470F14D664C400C9B205 /* IVGDMConnectionTimeoutManager.m in Sources */,
			);
			runOnlyForDeploymentPostprocessing = 0;
		};
		F879DBFC14D641B300A3DA1C /* Sources */ = {
			isa = PBXSourcesBuildPhase;
			buildActionMask = 2147483647;
			files = (
				F879DC0C14D641B300A3DA1C /* GHUnitIOSTestMain.m in Sources */,
				F879DC2314D6425900A3DA1C /* IVGDownloadManagerTests.m in Sources */,
				F879DC2E14D642E900A3DA1C /* IVGDownloadManager.m in Sources */,
				F88A470214D655A600C9B205 /* IVGDMConstants.m in Sources */,
				F88A470814D65AE000C9B205 /* IVGDMConnectionBlockMap.m in Sources */,
				F88A470B14D65FA200C9B205 /* IVGDMConnectionBlockMapTests.m in Sources */,
				F88A471014D664C400C9B205 /* IVGDMConnectionTimeoutManager.m in Sources */,
				F88A471214D665C400C9B205 /* IVGDMConnectionTimeoutManagerTests.m in Sources */,
			);
			runOnlyForDeploymentPostprocessing = 0;
		};
/* End PBXSourcesBuildPhase section */

/* Begin XCBuildConfiguration section */
		F879DBF714D6418F00A3DA1C /* Debug */ = {
			isa = XCBuildConfiguration;
			buildSettings = {
				ALWAYS_SEARCH_USER_PATHS = NO;
				ARCHS = "$(ARCHS_STANDARD_32_BIT)";
				COPY_PHASE_STRIP = NO;
				GCC_C_LANGUAGE_STANDARD = gnu99;
				GCC_DYNAMIC_NO_PIC = NO;
				GCC_OPTIMIZATION_LEVEL = 0;
				GCC_PREPROCESSOR_DEFINITIONS = (
					"DEBUG=1",
					"$(inherited)",
				);
				GCC_SYMBOLS_PRIVATE_EXTERN = NO;
				GCC_VERSION = com.apple.compilers.llvm.clang.1_0;
				GCC_WARN_ABOUT_MISSING_PROTOTYPES = YES;
				GCC_WARN_ABOUT_RETURN_TYPE = YES;
				GCC_WARN_UNUSED_VARIABLE = YES;
				IPHONEOS_DEPLOYMENT_TARGET = 5.0;
				SDKROOT = iphoneos;
			};
			name = Debug;
		};
		F879DBF814D6418F00A3DA1C /* Release */ = {
			isa = XCBuildConfiguration;
			buildSettings = {
				ALWAYS_SEARCH_USER_PATHS = NO;
				ARCHS = "$(ARCHS_STANDARD_32_BIT)";
				COPY_PHASE_STRIP = YES;
				GCC_C_LANGUAGE_STANDARD = gnu99;
				GCC_VERSION = com.apple.compilers.llvm.clang.1_0;
				GCC_WARN_ABOUT_MISSING_PROTOTYPES = YES;
				GCC_WARN_ABOUT_RETURN_TYPE = YES;
				GCC_WARN_UNUSED_VARIABLE = YES;
				IPHONEOS_DEPLOYMENT_TARGET = 5.0;
				SDKROOT = iphoneos;
				VALIDATE_PRODUCT = YES;
			};
			name = Release;
		};
		F879DBFA14D6418F00A3DA1C /* Debug */ = {
			isa = XCBuildConfiguration;
			buildSettings = {
				DSTROOT = /tmp/IVGDownloadManager.dst;
				GCC_PRECOMPILE_PREFIX_HEADER = YES;
				GCC_PREFIX_HEADER = "IVGDownloadManager/IVGDownloadManager-Prefix.pch";
				OTHER_LDFLAGS = "-ObjC";
				PRODUCT_NAME = "$(TARGET_NAME)";
				SKIP_INSTALL = YES;
			};
			name = Debug;
		};
		F879DBFB14D6418F00A3DA1C /* Release */ = {
			isa = XCBuildConfiguration;
			buildSettings = {
				DSTROOT = /tmp/IVGDownloadManager.dst;
				GCC_PRECOMPILE_PREFIX_HEADER = YES;
				GCC_PREFIX_HEADER = "IVGDownloadManager/IVGDownloadManager-Prefix.pch";
				OTHER_LDFLAGS = "-ObjC";
				PRODUCT_NAME = "$(TARGET_NAME)";
				SKIP_INSTALL = YES;
			};
			name = Release;
		};
		F879DC2014D641B400A3DA1C /* Debug */ = {
			isa = XCBuildConfiguration;
			buildSettings = {
				ALWAYS_SEARCH_USER_PATHS = NO;
				"CODE_SIGN_IDENTITY[sdk=iphoneos*]" = "iPhone Developer";
				COPY_PHASE_STRIP = NO;
				FRAMEWORK_SEARCH_PATHS = (
					"$(inherited)",
					"\"$(SRCROOT)/IVGDownloadManagerTests/Frameworks\"",
				);
				GCC_DYNAMIC_NO_PIC = NO;
				GCC_PRECOMPILE_PREFIX_HEADER = YES;
				GCC_PREFIX_HEADER = "IVGDownloadManagerTests/IVGDownloadManagerTests-Prefix.pch";
				GCC_PREPROCESSOR_DEFINITIONS = DEBUG;
				GCC_VERSION = com.apple.compilers.llvmgcc42;
				HEADER_SEARCH_PATHS = "\"IVGDownloadManagerTests/Libraries\"/**";
				INFOPLIST_FILE = "IVGDownloadManagerTests/IVGDownloadManagerTests-Info.plist";
				LIBRARY_SEARCH_PATHS = (
					"\"IVGDownloadManagerTests/Libraries\"/**",
					"\"$(SRCROOT)/IVGDownloadManagerTests/Libraries/OCMock\"",
				);
				OTHER_LDFLAGS = (
					"-ObjC",
					"-all_load",
				);
				PRODUCT_NAME = "$(TARGET_NAME)";
				WRAPPER_EXTENSION = app;
			};
			name = Debug;
		};
		F879DC2114D641B400A3DA1C /* Release */ = {
			isa = XCBuildConfiguration;
			buildSettings = {
				ALWAYS_SEARCH_USER_PATHS = NO;
				"CODE_SIGN_IDENTITY[sdk=iphoneos*]" = "iPhone Developer";
				COPY_PHASE_STRIP = YES;
				FRAMEWORK_SEARCH_PATHS = (
					"$(inherited)",
					"\"$(SRCROOT)/IVGDownloadManagerTests/Frameworks\"",
				);
				GCC_PRECOMPILE_PREFIX_HEADER = YES;
				GCC_PREFIX_HEADER = "IVGDownloadManagerTests/IVGDownloadManagerTests-Prefix.pch";
				GCC_VERSION = com.apple.compilers.llvmgcc42;
				HEADER_SEARCH_PATHS = "\"IVGDownloadManagerTests/Libraries\"/**";
				INFOPLIST_FILE = "IVGDownloadManagerTests/IVGDownloadManagerTests-Info.plist";
				LIBRARY_SEARCH_PATHS = (
					"\"IVGDownloadManagerTests/Libraries\"/**",
					"\"$(SRCROOT)/IVGDownloadManagerTests/Libraries/OCMock\"",
				);
				OTHER_CFLAGS = "-DNS_BLOCK_ASSERTIONS=1";
				OTHER_LDFLAGS = (
					"-ObjC",
					"-all_load",
				);
				PRODUCT_NAME = "$(TARGET_NAME)";
				VALIDATE_PRODUCT = YES;
				WRAPPER_EXTENSION = app;
			};
			name = Release;
		};
/* End XCBuildConfiguration section */

/* Begin XCConfigurationList section */
		F879DBE614D6418F00A3DA1C /* Build configuration list for PBXProject "IVGDownloadManager" */ = {
			isa = XCConfigurationList;
			buildConfigurations = (
				F879DBF714D6418F00A3DA1C /* Debug */,
				F879DBF814D6418F00A3DA1C /* Release */,
			);
			defaultConfigurationIsVisible = 0;
			defaultConfigurationName = Release;
		};
		F879DBF914D6418F00A3DA1C /* Build configuration list for PBXNativeTarget "IVGDownloadManager" */ = {
			isa = XCConfigurationList;
			buildConfigurations = (
				F879DBFA14D6418F00A3DA1C /* Debug */,
				F879DBFB14D6418F00A3DA1C /* Release */,
			);
			defaultConfigurationIsVisible = 0;
			defaultConfigurationName = Release;
		};
		F879DC1F14D641B400A3DA1C /* Build configuration list for PBXNativeTarget "IVGDownloadManagerTests" */ = {
			isa = XCConfigurationList;
			buildConfigurations = (
				F879DC2014D641B400A3DA1C /* Debug */,
				F879DC2114D641B400A3DA1C /* Release */,
			);
			defaultConfigurationIsVisible = 0;
			defaultConfigurationName = Release;
		};
/* End XCConfigurationList section */
	};
	rootObject = F879DBE314D6418F00A3DA1C /* Project object */;
}
